
Microsoft Visual Studio Solution File, Format Version 12.00
# Visual Studio Version 16
VisualStudioVersion = 16.0.31424.327
MinimumVisualStudioVersion = 10.0.40219.1
Project("{FAE04EC0-301F-11D3-BF4B-00C04F79EFBC}") = "Meus Produtos", "Meus Produtos\Meus Produtos.csproj", "{785572A9-CA69-41D5-B324-D75711B3568B}"
EndProject
Global
	GlobalSection(SolutionConfigurationPlatforms) = preSolution
		Debug|Any CPU = Debug|Any CPU
		Release|Any CPU = Release|Any CPU
	EndGlobalSection
	GlobalSection(ProjectConfigurationPlatforms) = postSolution
		{785572A9-CA69-41D5-B324-D75711B3568B}.Debug|Any CPU.ActiveCfg = Debug|Any CPU
		{785572A9-CA69-41D5-B324-D75711B3568B}.Debug|Any CPU.Build.0 = Debug|Any CPU
		{785572A9-CA69-41D5-B324-D75711B3568B}.Release|Any CPU.ActiveCfg = Release|Any CPU
		{785572A9-CA69-41D5-B324-D75711B3568B}.Release|Any CPU.Build.0 = Release|Any CPU
	EndGlobalSection
	GlobalSection(SolutionProperties) = preSolution
		HideSolutionNode = FALSE
	EndGlobalSection
	GlobalSection(ExtensibilityGlobals) = postSolution
		SolutionGuid = {721F86F2-DB4E-432F-A504-972B2F024DE8}
	EndGlobalSection
EndGlobal
